# This file was autogenerated by Stack.
# You should not edit this file by hand.
# For more information, please see the documentation at:
#   https://docs.haskellstack.org/en/stable/lock_files

packages:
- completed:
    hackage: groupBy-0.1.0.0@sha256:9bd0c5e6bbfaf793f6e816a072bcb085dba1149bf282e998567eaaed8d0efec4,1720
    pantry-tree:
      size: 450
      sha256: 40726b0c6e42fc119f6c5a413fd81353cd69e3fd8893fec6e9ff50ccfc51172c
  original:
    hackage: groupBy-0.1.0.0@sha256:9bd0c5e6bbfaf793f6e816a072bcb085dba1149bf282e998567eaaed8d0efec4
snapshots:
- completed:
    size: 532414
    url: https://raw.githubusercontent.com/commercialhaskell/stackage-snapshots/master/lts/16/22.yaml
    sha256: e483fb88549fc0f454c190979bf35ac91c7aceff2c0e71e7d8edd11842d772d8
  original:
    url: https://raw.githubusercontent.com/commercialhaskell/stackage-snapshots/master/lts/16/22.yaml
